
Microsoft Visual Studio Solution File, Format Version 12.00
# Visual Studio 2012
Project("{FAE04EC0-301F-11D3-BF4B-00C04F79EFBC}") = "Swank", "Swank\Swank.csproj", "{2142599A-9C6D-4E23-A09F-D3F7348B279D}"
EndProject
Project("{FAE04EC0-301F-11D3-BF4B-00C04F79EFBC}") = "Tests", "Tests\Tests.csproj", "{C4D75C21-2205-4F4C-9B5C-3BAB0CE9849D}"
EndProject
Project("{FAE04EC0-301F-11D3-BF4B-00C04F79EFBC}") = "HelloWorld", "HelloWorld\HelloWorld.csproj", "{500FC7D8-0734-49B2-BAC4-5A860C4B60D9}"
EndProject
Global
	GlobalSection(SolutionConfigurationPlatforms) = preSolution
		Debug|Any CPU = Debug|Any CPU
		Release|Any CPU = Release|Any CPU
	EndGlobalSection
	GlobalSection(ProjectConfigurationPlatforms) = postSolution
		{2142599A-9C6D-4E23-A09F-D3F7348B279D}.Debug|Any CPU.ActiveCfg = Debug|Any CPU
		{2142599A-9C6D-4E23-A09F-D3F7348B279D}.Debug|Any CPU.Build.0 = Debug|Any CPU
		{2142599A-9C6D-4E23-A09F-D3F7348B279D}.Release|Any CPU.ActiveCfg = Release|Any CPU
		{2142599A-9C6D-4E23-A09F-D3F7348B279D}.Release|Any CPU.Build.0 = Release|Any CPU
		{C4D75C21-2205-4F4C-9B5C-3BAB0CE9849D}.Debug|Any CPU.ActiveCfg = Debug|Any CPU
		{C4D75C21-2205-4F4C-9B5C-3BAB0CE9849D}.Debug|Any CPU.Build.0 = Debug|Any CPU
		{C4D75C21-2205-4F4C-9B5C-3BAB0CE9849D}.Release|Any CPU.ActiveCfg = Release|Any CPU
		{C4D75C21-2205-4F4C-9B5C-3BAB0CE9849D}.Release|Any CPU.Build.0 = Release|Any CPU
		{500FC7D8-0734-49B2-BAC4-5A860C4B60D9}.Debug|Any CPU.ActiveCfg = Debug|Any CPU
		{500FC7D8-0734-49B2-BAC4-5A860C4B60D9}.Debug|Any CPU.Build.0 = Debug|Any CPU
		{500FC7D8-0734-49B2-BAC4-5A860C4B60D9}.Release|Any CPU.ActiveCfg = Release|Any CPU
		{500FC7D8-0734-49B2-BAC4-5A860C4B60D9}.Release|Any CPU.Build.0 = Release|Any CPU
	EndGlobalSection
	GlobalSection(SolutionProperties) = preSolution
		HideSolutionNode = FALSE
	EndGlobalSection
EndGlobal
